
Microsoft Visual Studio Solution File, Format Version 12.00
# Visual Studio Version 16
VisualStudioVersion = 16.0.31424.327
MinimumVisualStudioVersion = 10.0.40219.1
Project("{FAE04EC0-301F-11D3-BF4B-00C04F79EFBC}") = "ConsoleApp1", "ConsoleApp1.csproj", "{C83C2893-5DE9-4F4D-BE74-98DFC93B138D}"
EndProject
Global
	GlobalSection(SolutionConfigurationPlatforms) = preSolution
		Debug|Any CPU = Debug|Any CPU
		Release|Any CPU = Release|Any CPU
	EndGlobalSection
	GlobalSection(ProjectConfigurationPlatforms) = postSolution
		{C83C2893-5DE9-4F4D-BE74-98DFC93B138D}.Debug|Any CPU.ActiveCfg = Debug|Any CPU
		{C83C2893-5DE9-4F4D-BE74-98DFC93B138D}.Debug|Any CPU.Build.0 = Debug|Any CPU
		{C83C2893-5DE9-4F4D-BE74-98DFC93B138D}.Release|Any CPU.ActiveCfg = Release|Any CPU
		{C83C2893-5DE9-4F4D-BE74-98DFC93B138D}.Release|Any CPU.Build.0 = Release|Any CPU
	EndGlobalSection
	GlobalSection(SolutionProperties) = preSolution
		HideSolutionNode = FALSE
	EndGlobalSection
	GlobalSection(ExtensibilityGlobals) = postSolution
		SolutionGuid = {8CE8F853-BA16-4495-8248-E17B2ACCFA3D}
	EndGlobalSection
EndGlobal
